
Microsoft Visual Studio Solution File, Format Version 12.00
# Visual Studio Version 17
VisualStudioVersion = 17.5.33414.496
MinimumVisualStudioVersion = 10.0.40219.1
Project("{9A19103F-16F7-4668-BE54-9A1E7A4F7556}") = "EmployeeServices", "EmployeeServices\EmployeeServices.csproj", "{A6C4584A-FE9A-4E2E-A294-3B9C4F26B60F}"
EndProject
Project("{9A19103F-16F7-4668-BE54-9A1E7A4F7556}") = "Employee_APIGetway", "Employee_APIGetway\Employee_APIGetway.csproj", "{A431D299-00B5-47A7-A23E-FCE394721B9D}"
EndProject
Project("{2150E333-8FDC-42A3-9474-1A3956D46DE8}") = "Employee", "Employee", "{82E7E4A9-933B-4781-BD9A-439E2E4321C2}"
EndProject
Project("{2150E333-8FDC-42A3-9474-1A3956D46DE8}") = "Department", "Department", "{FE5FFDEB-F34A-4018-94BE-F8229EF8837F}"
EndProject
Project("{9A19103F-16F7-4668-BE54-9A1E7A4F7556}") = "DepartmentServices", "DepartmentServices\DepartmentServices.csproj", "{AAC3701E-25D2-4B12-B49B-DA5D08B6F263}"
EndProject
Project("{9A19103F-16F7-4668-BE54-9A1E7A4F7556}") = "Department_Gatway", "Department_Gatway\Department_Gatway.csproj", "{FEE225C3-C10F-44DB-9E14-B8871B84C0AD}"
EndProject
Project("{2150E333-8FDC-42A3-9474-1A3956D46DE8}") = "Attendace", "Attendace", "{119330FF-39CF-4B3A-B413-A93ACD6CB671}"
EndProject
Project("{FAE04EC0-301F-11D3-BF4B-00C04F79EFBC}") = "AttendaceServices", "AttendaceServices\AttendaceServices.csproj", "{2C1D9D55-0169-446C-A3B9-0A6161224734}"
EndProject
Project("{FAE04EC0-301F-11D3-BF4B-00C04F79EFBC}") = "Attendace_Gatway", "Attendace_Gatway\Attendace_Gatway.csproj", "{9DEDD08E-66CE-458B-9DCA-2DED52AB8EB4}"
EndProject
Project("{2150E333-8FDC-42A3-9474-1A3956D46DE8}") = "Deduction", "Deduction", "{0DD0A146-6872-4B89-83B5-18F40EFA738E}"
EndProject
Project("{FAE04EC0-301F-11D3-BF4B-00C04F79EFBC}") = "DeductionServices", "DeductionServices\DeductionServices.csproj", "{7D72FB11-5DD4-4994-8394-3E5B423CBF52}"
EndProject
Project("{FAE04EC0-301F-11D3-BF4B-00C04F79EFBC}") = "Deduction_Gatway", "Deduction_Gatway\Deduction_Gatway.csproj", "{344FEE20-F62F-40C5-A016-B6936DA9676F}"
EndProject
Project("{2150E333-8FDC-42A3-9474-1A3956D46DE8}") = "SalaryPayment", "SalaryPayment", "{B806A16C-3D40-43F0-A260-853C6CA8B9D3}"
EndProject
Project("{FAE04EC0-301F-11D3-BF4B-00C04F79EFBC}") = "SalaryPaymentServices", "SalaryPaymentServices\SalaryPaymentServices.csproj", "{CA90A879-A3AD-47FA-8DBA-0B205D889CD6}"
EndProject
Project("{FAE04EC0-301F-11D3-BF4B-00C04F79EFBC}") = "SalaryPayment_Gatway", "SalaryPayment_Gatway\SalaryPayment_Gatway.csproj", "{888BD338-FA34-4209-B3C0-A48B9A64D5E2}"
EndProject
Global
	GlobalSection(SolutionConfigurationPlatforms) = preSolution
		Debug|Any CPU = Debug|Any CPU
		Release|Any CPU = Release|Any CPU
	EndGlobalSection
	GlobalSection(ProjectConfigurationPlatforms) = postSolution
		{A6C4584A-FE9A-4E2E-A294-3B9C4F26B60F}.Debug|Any CPU.ActiveCfg = Debug|Any CPU
		{A6C4584A-FE9A-4E2E-A294-3B9C4F26B60F}.Debug|Any CPU.Build.0 = Debug|Any CPU
		{A6C4584A-FE9A-4E2E-A294-3B9C4F26B60F}.Release|Any CPU.ActiveCfg = Release|Any CPU
		{A6C4584A-FE9A-4E2E-A294-3B9C4F26B60F}.Release|Any CPU.Build.0 = Release|Any CPU
		{A431D299-00B5-47A7-A23E-FCE394721B9D}.Debug|Any CPU.ActiveCfg = Debug|Any CPU
		{A431D299-00B5-47A7-A23E-FCE394721B9D}.Debug|Any CPU.Build.0 = Debug|Any CPU
		{A431D299-00B5-47A7-A23E-FCE394721B9D}.Release|Any CPU.ActiveCfg = Release|Any CPU
		{A431D299-00B5-47A7-A23E-FCE394721B9D}.Release|Any CPU.Build.0 = Release|Any CPU
		{AAC3701E-25D2-4B12-B49B-DA5D08B6F263}.Debug|Any CPU.ActiveCfg = Debug|Any CPU
		{AAC3701E-25D2-4B12-B49B-DA5D08B6F263}.Debug|Any CPU.Build.0 = Debug|Any CPU
		{AAC3701E-25D2-4B12-B49B-DA5D08B6F263}.Release|Any CPU.ActiveCfg = Release|Any CPU
		{AAC3701E-25D2-4B12-B49B-DA5D08B6F263}.Release|Any CPU.Build.0 = Release|Any CPU
		{FEE225C3-C10F-44DB-9E14-B8871B84C0AD}.Debug|Any CPU.ActiveCfg = Debug|Any CPU
		{FEE225C3-C10F-44DB-9E14-B8871B84C0AD}.Debug|Any CPU.Build.0 = Debug|Any CPU
		{FEE225C3-C10F-44DB-9E14-B8871B84C0AD}.Release|Any CPU.ActiveCfg = Release|Any CPU
		{FEE225C3-C10F-44DB-9E14-B8871B84C0AD}.Release|Any CPU.Build.0 = Release|Any CPU
		{2C1D9D55-0169-446C-A3B9-0A6161224734}.Debug|Any CPU.ActiveCfg = Debug|Any CPU
		{2C1D9D55-0169-446C-A3B9-0A6161224734}.Debug|Any CPU.Build.0 = Debug|Any CPU
		{2C1D9D55-0169-446C-A3B9-0A6161224734}.Release|Any CPU.ActiveCfg = Release|Any CPU
		{2C1D9D55-0169-446C-A3B9-0A6161224734}.Release|Any CPU.Build.0 = Release|Any CPU
		{9DEDD08E-66CE-458B-9DCA-2DED52AB8EB4}.Debug|Any CPU.ActiveCfg = Debug|Any CPU
		{9DEDD08E-66CE-458B-9DCA-2DED52AB8EB4}.Debug|Any CPU.Build.0 = Debug|Any CPU
		{9DEDD08E-66CE-458B-9DCA-2DED52AB8EB4}.Release|Any CPU.ActiveCfg = Release|Any CPU
		{9DEDD08E-66CE-458B-9DCA-2DED52AB8EB4}.Release|Any CPU.Build.0 = Release|Any CPU
		{7D72FB11-5DD4-4994-8394-3E5B423CBF52}.Debug|Any CPU.ActiveCfg = Debug|Any CPU
		{7D72FB11-5DD4-4994-8394-3E5B423CBF52}.Debug|Any CPU.Build.0 = Debug|Any CPU
		{7D72FB11-5DD4-4994-8394-3E5B423CBF52}.Release|Any CPU.ActiveCfg = Release|Any CPU
		{7D72FB11-5DD4-4994-8394-3E5B423CBF52}.Release|Any CPU.Build.0 = Release|Any CPU
		{344FEE20-F62F-40C5-A016-B6936DA9676F}.Debug|Any CPU.ActiveCfg = Debug|Any CPU
		{344FEE20-F62F-40C5-A016-B6936DA9676F}.Debug|Any CPU.Build.0 = Debug|Any CPU
		{344FEE20-F62F-40C5-A016-B6936DA9676F}.Release|Any CPU.ActiveCfg = Release|Any CPU
		{344FEE20-F62F-40C5-A016-B6936DA9676F}.Release|Any CPU.Build.0 = Release|Any CPU
		{CA90A879-A3AD-47FA-8DBA-0B205D889CD6}.Debug|Any CPU.ActiveCfg = Debug|Any CPU
		{CA90A879-A3AD-47FA-8DBA-0B205D889CD6}.Debug|Any CPU.Build.0 = Debug|Any CPU
		{CA90A879-A3AD-47FA-8DBA-0B205D889CD6}.Release|Any CPU.ActiveCfg = Release|Any CPU
		{CA90A879-A3AD-47FA-8DBA-0B205D889CD6}.Release|Any CPU.Build.0 = Release|Any CPU
		{888BD338-FA34-4209-B3C0-A48B9A64D5E2}.Debug|Any CPU.ActiveCfg = Debug|Any CPU
		{888BD338-FA34-4209-B3C0-A48B9A64D5E2}.Debug|Any CPU.Build.0 = Debug|Any CPU
		{888BD338-FA34-4209-B3C0-A48B9A64D5E2}.Release|Any CPU.ActiveCfg = Release|Any CPU
		{888BD338-FA34-4209-B3C0-A48B9A64D5E2}.Release|Any CPU.Build.0 = Release|Any CPU
	EndGlobalSection
	GlobalSection(SolutionProperties) = preSolution
		HideSolutionNode = FALSE
	EndGlobalSection
	GlobalSection(NestedProjects) = preSolution
		{A6C4584A-FE9A-4E2E-A294-3B9C4F26B60F} = {82E7E4A9-933B-4781-BD9A-439E2E4321C2}
		{A431D299-00B5-47A7-A23E-FCE394721B9D} = {82E7E4A9-933B-4781-BD9A-439E2E4321C2}
		{AAC3701E-25D2-4B12-B49B-DA5D08B6F263} = {FE5FFDEB-F34A-4018-94BE-F8229EF8837F}
		{FEE225C3-C10F-44DB-9E14-B8871B84C0AD} = {FE5FFDEB-F34A-4018-94BE-F8229EF8837F}
		{2C1D9D55-0169-446C-A3B9-0A6161224734} = {119330FF-39CF-4B3A-B413-A93ACD6CB671}
		{9DEDD08E-66CE-458B-9DCA-2DED52AB8EB4} = {119330FF-39CF-4B3A-B413-A93ACD6CB671}
		{7D72FB11-5DD4-4994-8394-3E5B423CBF52} = {0DD0A146-6872-4B89-83B5-18F40EFA738E}
		{344FEE20-F62F-40C5-A016-B6936DA9676F} = {0DD0A146-6872-4B89-83B5-18F40EFA738E}
		{CA90A879-A3AD-47FA-8DBA-0B205D889CD6} = {B806A16C-3D40-43F0-A260-853C6CA8B9D3}
		{888BD338-FA34-4209-B3C0-A48B9A64D5E2} = {B806A16C-3D40-43F0-A260-853C6CA8B9D3}
	EndGlobalSection
	GlobalSection(ExtensibilityGlobals) = postSolution
		SolutionGuid = {3000411A-CA71-4E55-BB82-FF7ED7549304}
	EndGlobalSection
EndGlobal
